
Microsoft Visual Studio Solution File, Format Version 12.00
# Visual Studio Version 16
VisualStudioVersion = 16.0.29613.14
MinimumVisualStudioVersion = 10.0.40219.1
Project("{FAE04EC0-301F-11D3-BF4B-00C04F79EFBC}") = "AirLoca", "AirLoca\AirLoca.csproj", "{0B8B5361-EF03-4713-A01B-2A14297A920A}"
EndProject
Global
	GlobalSection(SolutionConfigurationPlatforms) = preSolution
		Debug|Any CPU = Debug|Any CPU
		Release|Any CPU = Release|Any CPU
	EndGlobalSection
	GlobalSection(ProjectConfigurationPlatforms) = postSolution
		{0B8B5361-EF03-4713-A01B-2A14297A920A}.Debug|Any CPU.ActiveCfg = Debug|Any CPU
		{0B8B5361-EF03-4713-A01B-2A14297A920A}.Debug|Any CPU.Build.0 = Debug|Any CPU
		{0B8B5361-EF03-4713-A01B-2A14297A920A}.Release|Any CPU.ActiveCfg = Release|Any CPU
		{0B8B5361-EF03-4713-A01B-2A14297A920A}.Release|Any CPU.Build.0 = Release|Any CPU
	EndGlobalSection
	GlobalSection(SolutionProperties) = preSolution
		HideSolutionNode = FALSE
	EndGlobalSection
	GlobalSection(ExtensibilityGlobals) = postSolution
		SolutionGuid = {20DE9F59-21C2-463D-B5F0-84EFE5C59753}
	EndGlobalSection
EndGlobal
